// !$*UTF8*$!
{
	archiveVersion = 1;
	classes = {
	};
	objectVersion = 46;
	objects = {

/* Begin PBXBuildFile section */
		751181191C7F52D50091A3AD /* main.m in Sources */ = {isa = PBXBuildFile; fileRef = 751181181C7F52D50091A3AD /* main.m */; };
		7511811C1C7F52D50091A3AD /* AppDelegate.m in Sources */ = {isa = PBXBuildFile; fileRef = 7511811B1C7F52D50091A3AD /* AppDelegate.m */; };
		751181251C7F52D50091A3AD /* GitHubTest.xcdatamodeld in Sources */ = {isa = PBXBuildFile; fileRef = 751181231C7F52D50091A3AD /* GitHubTest.xcdatamodeld */; };
		7511812A1C7F52D50091A3AD /* LaunchScreen.storyboard in Resources */ = {isa = PBXBuildFile; fileRef = 751181281C7F52D50091A3AD /* LaunchScreen.storyboard */; };
		751181C71C7F54370091A3AD /* MainVC.m in Sources */ = {isa = PBXBuildFile; fileRef = 751181C61C7F54370091A3AD /* MainVC.m */; };
		753023DB1C7FBB210015885C /* DrawingView.m in Sources */ = {isa = PBXBuildFile; fileRef = 753023DA1C7FBB210015885C /* DrawingView.m */; };
		9F57B61B4711116B9A08921C /* libPods-GitHubTest.a in Frameworks */ = {isa = PBXBuildFile; fileRef = 32217E28C7232EFC56E953CD /* libPods-GitHubTest.a */; };
/* End PBXBuildFile section */

/* Begin PBXFileReference section */
		26B19D7B097CA22BC638C986 /* Pods-GitHubTest.debug.xcconfig */ = {isa = PBXFileReference; includeInIndex = 1; lastKnownFileType = text.xcconfig; name = "Pods-GitHubTest.debug.xcconfig"; path = "Pods/Target Support Files/Pods-GitHubTest/Pods-GitHubTest.debug.xcconfig"; sourceTree = "<group>"; };
		32217E28C7232EFC56E953CD /* libPods-GitHubTest.a */ = {isa = PBXFileReference; explicitFileType = archive.ar; includeInIndex = 0; path = "libPods-GitHubTest.a"; sourceTree = BUILT_PRODUCTS_DIR; };
		690DE376489E17848484B3BA /* Pods-GitHubTest.release.xcconfig */ = {isa = PBXFileReference; includeInIndex = 1; lastKnownFileType = text.xcconfig; name = "Pods-GitHubTest.release.xcconfig"; path = "Pods/Target Support Files/Pods-GitHubTest/Pods-GitHubTest.release.xcconfig"; sourceTree = "<group>"; };
		751181141C7F52D50091A3AD /* GitHubTest.app */ = {isa = PBXFileReference; explicitFileType = wrapper.application; includeInIndex = 0; path = GitHubTest.app; sourceTree = BUILT_PRODUCTS_DIR; };
		751181181C7F52D50091A3AD /* main.m */ = {isa = PBXFileReference; lastKnownFileType = sourcecode.c.objc; path = main.m; sourceTree = "<group>"; };
		7511811A1C7F52D50091A3AD /* AppDelegate.h */ = {isa = PBXFileReference; lastKnownFileType = sourcecode.c.h; path = AppDelegate.h; sourceTree = "<group>"; };
		7511811B1C7F52D50091A3AD /* AppDelegate.m */ = {isa = PBXFileReference; lastKnownFileType = sourcecode.c.objc; path = AppDelegate.m; sourceTree = "<group>"; };
		751181241C7F52D50091A3AD /* GitHubTest.xcdatamodel */ = {isa = PBXFileReference; lastKnownFileType = wrapper.xcdatamodel; path = GitHubTest.xcdatamodel; sourceTree = "<group>"; };
		751181291C7F52D50091A3AD /* Base */ = {isa = PBXFileReference; lastKnownFileType = file.storyboard; name = Base; path = Base.lproj/LaunchScreen.storyboard; sourceTree = "<group>"; };
		7511812B1C7F52D50091A3AD /* Info.plist */ = {isa = PBXFileReference; lastKnownFileType = text.plist.xml; path = Info.plist; sourceTree = "<group>"; };
		751181311C7F52FC0091A3AD /* GitHubTest-Prefix.pch */ = {isa = PBXFileReference; lastKnownFileType = sourcecode.c.h; path = "GitHubTest-Prefix.pch"; sourceTree = "<group>"; };
		751181C51C7F54370091A3AD /* MainVC.h */ = {isa = PBXFileReference; fileEncoding = 4; lastKnownFileType = sourcecode.c.h; path = MainVC.h; sourceTree = "<group>"; };
		751181C61C7F54370091A3AD /* MainVC.m */ = {isa = PBXFileReference; fileEncoding = 4; lastKnownFileType = sourcecode.c.objc; path = MainVC.m; sourceTree = "<group>"; };
		753023D91C7FBB210015885C /* DrawingView.h */ = {isa = PBXFileReference; fileEncoding = 4; lastKnownFileType = sourcecode.c.h; path = DrawingView.h; sourceTree = "<group>"; };
		753023DA1C7FBB210015885C /* DrawingView.m */ = {isa = PBXFileReference; fileEncoding = 4; lastKnownFileType = sourcecode.c.objc; path = DrawingView.m; sourceTree = "<group>"; };
/* End PBXFileReference section */

/* Begin PBXFrameworksBuildPhase section */
		751181111C7F52D50091A3AD /* Frameworks */ = {
			isa = PBXFrameworksBuildPhase;
			buildActionMask = 2147483647;
			files = (
				9F57B61B4711116B9A08921C /* libPods-GitHubTest.a in Frameworks */,
			);
			runOnlyForDeploymentPostprocessing = 0;
		};
/* End PBXFrameworksBuildPhase section */

/* Begin PBXGroup section */
		7511810B1C7F52D50091A3AD = {
			isa = PBXGroup;
			children = (
				751181161C7F52D50091A3AD /* GitHubTest */,
				751181151C7F52D50091A3AD /* Products */,
				B6D3D8BFA4308DCD0287FEAA /* Pods */,
				79AD6D564FB65C4DEC0979D7 /* Frameworks */,
			);
			sourceTree = "<group>";
		};
		751181151C7F52D50091A3AD /* Products */ = {
			isa = PBXGroup;
			children = (
				751181141C7F52D50091A3AD /* GitHubTest.app */,
			);
			name = Products;
			sourceTree = "<group>";
		};
		751181161C7F52D50091A3AD /* GitHubTest */ = {
			isa = PBXGroup;
			children = (
				751181311C7F52FC0091A3AD /* GitHubTest-Prefix.pch */,
				7511811A1C7F52D50091A3AD /* AppDelegate.h */,
				7511811B1C7F52D50091A3AD /* AppDelegate.m */,
				751181C51C7F54370091A3AD /* MainVC.h */,
				751181C61C7F54370091A3AD /* MainVC.m */,
				753023D91C7FBB210015885C /* DrawingView.h */,
				753023DA1C7FBB210015885C /* DrawingView.m */,
				751181281C7F52D50091A3AD /* LaunchScreen.storyboard */,
				7511812B1C7F52D50091A3AD /* Info.plist */,
				751181231C7F52D50091A3AD /* GitHubTest.xcdatamodeld */,
				751181171C7F52D50091A3AD /* Supporting Files */,
			);
			path = GitHubTest;
			sourceTree = "<group>";
		};
		751181171C7F52D50091A3AD /* Supporting Files */ = {
			isa = PBXGroup;
			children = (
				751181181C7F52D50091A3AD /* main.m */,
			);
			name = "Supporting Files";
			sourceTree = "<group>";
		};
		79AD6D564FB65C4DEC0979D7 /* Frameworks */ = {
			isa = PBXGroup;
			children = (
				32217E28C7232EFC56E953CD /* libPods-GitHubTest.a */,
			);
			name = Frameworks;
			sourceTree = "<group>";
		};
		B6D3D8BFA4308DCD0287FEAA /* Pods */ = {
			isa = PBXGroup;
			children = (
				26B19D7B097CA22BC638C986 /* Pods-GitHubTest.debug.xcconfig */,
				690DE376489E17848484B3BA /* Pods-GitHubTest.release.xcconfig */,
			);
			name = Pods;
			sourceTree = "<group>";
		};
/* End PBXGroup section */

/* Begin PBXNativeTarget section */
		751181131C7F52D50091A3AD /* GitHubTest */ = {
			isa = PBXNativeTarget;
			buildConfigurationList = 7511812E1C7F52D50091A3AD /* Build configuration list for PBXNativeTarget "GitHubTest" */;
			buildPhases = (
				A7A63358E50B929E6E30E2BC /* Check Pods Manifest.lock */,
				751181101C7F52D50091A3AD /* Sources */,
				751181111C7F52D50091A3AD /* Frameworks */,
				751181121C7F52D50091A3AD /* Resources */,
				83C2FEE011836FA24F1EB6EC /* Copy Pods Resources */,
			);
			buildRules = (
			);
			dependencies = (
			);
			name = GitHubTest;
			productName = GitHubTest;
			productReference = 751181141C7F52D50091A3AD /* GitHubTest.app */;
			productType = "com.apple.product-type.application";
		};
/* End PBXNativeTarget section */

/* Begin PBXProject section */
		7511810C1C7F52D50091A3AD /* Project object */ = {
			isa = PBXProject;
			attributes = {
				LastUpgradeCheck = 0720;
				ORGANIZATIONNAME = OlDor;
				TargetAttributes = {
					751181131C7F52D50091A3AD = {
						CreatedOnToolsVersion = 7.2.1;
					};
				};
			};
			buildConfigurationList = 7511810F1C7F52D50091A3AD /* Build configuration list for PBXProject "GitHubTest" */;
			compatibilityVersion = "Xcode 3.2";
			developmentRegion = English;
			hasScannedForEncodings = 0;
			knownRegions = (
				en,
				Base,
			);
			mainGroup = 7511810B1C7F52D50091A3AD;
			productRefGroup = 751181151C7F52D50091A3AD /* Products */;
			projectDirPath = "";
			projectRoot = "";
			targets = (
				751181131C7F52D50091A3AD /* GitHubTest */,
			);
		};
/* End PBXProject section */

/* Begin PBXResourcesBuildPhase section */
		751181121C7F52D50091A3AD /* Resources */ = {
			isa = PBXResourcesBuildPhase;
			buildActionMask = 2147483647;
			files = (
				7511812A1C7F52D50091A3AD /* LaunchScreen.storyboard in Resources */,
			);
			runOnlyForDeploymentPostprocessing = 0;
		};
/* End PBXResourcesBuildPhase section */

/* Begin PBXShellScriptBuildPhase section */
		83C2FEE011836FA24F1EB6EC /* Copy Pods Resources */ = {
			isa = PBXShellScriptBuildPhase;
			buildActionMask = 2147483647;
			files = (
			);
			inputPaths = (
			);
			name = "Copy Pods Resources";
			outputPaths = (
			);
			runOnlyForDeploymentPostprocessing = 0;
			shellPath = /bin/sh;
			shellScript = "\"${SRCROOT}/Pods/Target Support Files/Pods-GitHubTest/Pods-GitHubTest-resources.sh\"\n";
			showEnvVarsInLog = 0;
		};
		A7A63358E50B929E6E30E2BC /* Check Pods Manifest.lock */ = {
			isa = PBXShellScriptBuildPhase;
			buildActionMask = 2147483647;
			files = (
			);
			inputPaths = (
			);
			name = "Check Pods Manifest.lock";
			outputPaths = (
			);
			runOnlyForDeploymentPostprocessing = 0;
			shellPath = /bin/sh;
			shellScript = "diff \"${PODS_ROOT}/../Podfile.lock\" \"${PODS_ROOT}/Manifest.lock\" > /dev/null\nif [[ $? != 0 ]] ; then\n    cat << EOM\nerror: The sandbox is not in sync with the Podfile.lock. Run 'pod install' or update your CocoaPods installation.\nEOM\n    exit 1\nfi\n";
			showEnvVarsInLog = 0;
		};
/* End PBXShellScriptBuildPhase section */

/* Begin PBXSourcesBuildPhase section */
		751181101C7F52D50091A3AD /* Sources */ = {
			isa = PBXSourcesBuildPhase;
			buildActionMask = 2147483647;
			files = (
				7511811C1C7F52D50091A3AD /* AppDelegate.m in Sources */,
				751181251C7F52D50091A3AD /* GitHubTest.xcdatamodeld in Sources */,
				751181C71C7F54370091A3AD /* MainVC.m in Sources */,
				751181191C7F52D50091A3AD /* main.m in Sources */,
				753023DB1C7FBB210015885C /* DrawingView.m in Sources */,
			);
			runOnlyForDeploymentPostprocessing = 0;
		};
/* End PBXSourcesBuildPhase section */

/* Begin PBXVariantGroup section */
		751181281C7F52D50091A3AD /* LaunchScreen.storyboard */ = {
			isa = PBXVariantGroup;
			children = (
				751181291C7F52D50091A3AD /* Base */,
			);
			name = LaunchScreen.storyboard;
			sourceTree = "<group>";
		};
/* End PBXVariantGroup section */

/* Begin XCBuildConfiguration section */
		7511812C1C7F52D50091A3AD /* Debug */ = {
			isa = XCBuildConfiguration;
			buildSettings = {
				ALWAYS_SEARCH_USER_PATHS = NO;
				CLANG_CXX_LANGUAGE_STANDARD = "gnu++0x";
				CLANG_CXX_LIBRARY = "libc++";
				CLANG_ENABLE_MODULES = YES;
				CLANG_ENABLE_OBJC_ARC = YES;
				CLANG_WARN_BOOL_CONVERSION = YES;
				CLANG_WARN_CONSTANT_CONVERSION = YES;
				CLANG_WARN_DIRECT_OBJC_ISA_USAGE = YES_ERROR;
				CLANG_WARN_EMPTY_BODY = YES;
				CLANG_WARN_ENUM_CONVERSION = YES;
				CLANG_WARN_INT_CONVERSION = YES;
				CLANG_WARN_OBJC_ROOT_CLASS = YES_ERROR;
				CLANG_WARN_UNREACHABLE_CODE = YES;
				CLANG_WARN__DUPLICATE_METHOD_MATCH = YES;
				"CODE_SIGN_IDENTITY[sdk=iphoneos*]" = "iPhone Developer";
				COPY_PHASE_STRIP = NO;
				DEBUG_INFORMATION_FORMAT = dwarf;
				ENABLE_STRICT_OBJC_MSGSEND = YES;
				ENABLE_TESTABILITY = YES;
				GCC_C_LANGUAGE_STANDARD = gnu99;
				GCC_DYNAMIC_NO_PIC = NO;
				GCC_NO_COMMON_BLOCKS = YES;
				GCC_OPTIMIZATION_LEVEL = 0;
				GCC_PREPROCESSOR_DEFINITIONS = (
					"DEBUG=1",
					"$(inherited)",
				);
				GCC_WARN_64_TO_32_BIT_CONVERSION = YES;
				GCC_WARN_ABOUT_RETURN_TYPE = YES_ERROR;
				GCC_WARN_UNDECLARED_SELECTOR = YES;
				GCC_WARN_UNINITIALIZED_AUTOS = YES_AGGRESSIVE;
				GCC_WARN_UNUSED_FUNCTION = YES;
				GCC_WARN_UNUSED_VARIABLE = YES;
				IPHONEOS_DEPLOYMENT_TARGET = 9.2;
				MTL_ENABLE_DEBUG_INFO = YES;
				ONLY_ACTIVE_ARCH = YES;
				SDKROOT = iphoneos;
			};
			name = Debug;
		};
		7511812D1C7F52D50091A3AD /* Release */ = {
			isa = XCBuildConfiguration;
			buildSettings = {
				ALWAYS_SEARCH_USER_PATHS = NO;
				CLANG_CXX_LANGUAGE_STANDARD = "gnu++0x";
				CLANG_CXX_LIBRARY = "libc++";
				CLANG_ENABLE_MODULES = YES;
				CLANG_ENABLE_OBJC_ARC = YES;
				CLANG_WARN_BOOL_CONVERSION = YES;
				CLANG_WARN_CONSTANT_CONVERSION = YES;
				CLANG_WARN_DIRECT_OBJC_ISA_USAGE = YES_ERROR;
				CLANG_WARN_EMPTY_BODY = YES;
				CLANG_WARN_ENUM_CONVERSION = YES;
				CLANG_WARN_INT_CONVERSION = YES;
				CLANG_WARN_OBJC_ROOT_CLASS = YES_ERROR;
				CLANG_WARN_UNREACHABLE_CODE = YES;
				CLANG_WARN__DUPLICATE_METHOD_MATCH = YES;
				"CODE_SIGN_IDENTITY[sdk=iphoneos*]" = "iPhone Developer";
				COPY_PHASE_STRIP = NO;
				DEBUG_INFORMATION_FORMAT = "dwarf-with-dsym";
				ENABLE_NS_ASSERTIONS = NO;
				ENABLE_STRICT_OBJC_MSGSEND = YES;
				GCC_C_LANGUAGE_STANDARD = gnu99;
				GCC_NO_COMMON_BLOCKS = YES;
				GCC_WARN_64_TO_32_BIT_CONVERSION = YES;
				GCC_WARN_ABOUT_RETURN_TYPE = YES_ERROR;
				GCC_WARN_UNDECLARED_SELECTOR = YES;
				GCC_WARN_UNINITIALIZED_AUTOS = YES_AGGRESSIVE;
				GCC_WARN_UNUSED_FUNCTION = YES;
				GCC_WARN_UNUSED_VARIABLE = YES;
				IPHONEOS_DEPLOYMENT_TARGET = 9.2;
				MTL_ENABLE_DEBUG_INFO = NO;
				SDKROOT = iphoneos;
				VALIDATE_PRODUCT = YES;
			};
			name = Release;
		};
		7511812F1C7F52D50091A3AD /* Debug */ = {
			isa = XCBuildConfiguration;
			baseConfigurationReference = 26B19D7B097CA22BC638C986 /* Pods-GitHubTest.debug.xcconfig */;
			buildSettings = {
				ASSETCATALOG_COMPILER_APPICON_NAME = AppIcon;
				GCC_PRECOMPILE_PREFIX_HEADER = YES;
				GCC_PREFIX_HEADER = "GitHubTest/GitHubTest-Prefix.pch";
				INFOPLIST_FILE = GitHubTest/Info.plist;
				IPHONEOS_DEPLOYMENT_TARGET = 8.0;
				LD_RUNPATH_SEARCH_PATHS = "$(inherited) @executable_path/Frameworks";
				PRODUCT_BUNDLE_IDENTIFIER = com.oldor.GitHubTest;
				PRODUCT_NAME = "$(TARGET_NAME)";
			};
			name = Debug;
		};
		751181301C7F52D50091A3AD /* Release */ = {
			isa = XCBuildConfiguration;
			baseConfigurationReference = 690DE376489E17848484B3BA /* Pods-GitHubTest.release.xcconfig */;
			buildSettings = {
				ASSETCATALOG_COMPILER_APPICON_NAME = AppIcon;
				GCC_PRECOMPILE_PREFIX_HEADER = YES;
				GCC_PREFIX_HEADER = "GitHubTest/GitHubTest-Prefix.pch";
				INFOPLIST_FILE = GitHubTest/Info.plist;
				IPHONEOS_DEPLOYMENT_TARGET = 8.0;
				LD_RUNPATH_SEARCH_PATHS = "$(inherited) @executable_path/Frameworks";
				PRODUCT_BUNDLE_IDENTIFIER = com.oldor.GitHubTest;
				PRODUCT_NAME = "$(TARGET_NAME)";
			};
			name = Release;
		};
/* End XCBuildConfiguration section */

/* Begin XCConfigurationList section */
		7511810F1C7F52D50091A3AD /* Build configuration list for PBXProject "GitHubTest" */ = {
			isa = XCConfigurationList;
			buildConfigurations = (
				7511812C1C7F52D50091A3AD /* Debug */,
				7511812D1C7F52D50091A3AD /* Release */,
			);
			defaultConfigurationIsVisible = 0;
			defaultConfigurationName = Release;
		};
		7511812E1C7F52D50091A3AD /* Build configuration list for PBXNativeTarget "GitHubTest" */ = {
			isa = XCConfigurationList;
			buildConfigurations = (
				7511812F1C7F52D50091A3AD /* Debug */,
				751181301C7F52D50091A3AD /* Release */,
			);
			defaultConfigurationIsVisible = 0;
			defaultConfigurationName = Release;
		};
/* End XCConfigurationList section */

/* Begin XCVersionGroup section */
		751181231C7F52D50091A3AD /* GitHubTest.xcdatamodeld */ = {
			isa = XCVersionGroup;
			children = (
				751181241C7F52D50091A3AD /* GitHubTest.xcdatamodel */,
			);
			currentVersion = 751181241C7F52D50091A3AD /* GitHubTest.xcdatamodel */;
			path = GitHubTest.xcdatamodeld;
			sourceTree = "<group>";
			versionGroupType = wrapper.xcdatamodel;
		};
/* End XCVersionGroup section */
	};
	rootObject = 7511810C1C7F52D50091A3AD /* Project object */;
}
